
Microsoft Visual Studio Solution File, Format Version 12.00
# Visual Studio 15
VisualStudioVersion = 15.0.28307.421
MinimumVisualStudioVersion = 10.0.40219.1
Project("{9A19103F-16F7-4668-BE54-9A1E7A4F7556}") = "SurfLevel.Domain", "SurfLevel.Domain\SurfLevel.Domain.csproj", "{5D9C11CF-ED17-4D13-94B0-E938A72AFB54}"
EndProject
Project("{9A19103F-16F7-4668-BE54-9A1E7A4F7556}") = "SurfLevel.Repository", "SurfLevel.Repository\SurfLevel.Repository.csproj", "{27E55724-BAE0-42D5-8ADE-67D2603EC1DF}"
EndProject
Project("{9A19103F-16F7-4668-BE54-9A1E7A4F7556}") = "SurfLevel.Contracts", "SurfLevel.Contracts\SurfLevel.Contracts.csproj", "{8C3228D1-9A33-494C-8577-C943061F2014}"
EndProject
Project("{9A19103F-16F7-4668-BE54-9A1E7A4F7556}") = "SurfLevel.Web", "SurfLevel.Web\SurfLevel.Web.csproj", "{0414FEEA-DB51-4B8B-A28A-448DC883311C}"
EndProject
Project("{2150E333-8FDC-42A3-9474-1A3956D46DE8}") = "Tests", "Tests", "{D3772FF8-A978-4520-BEDE-1FFB0B1F0F32}"
EndProject
Project("{9A19103F-16F7-4668-BE54-9A1E7A4F7556}") = "SurfLevel.Domain.Test", "SurfLevel.Domain.Test\SurfLevel.Domain.Test.csproj", "{0FB4A3E2-565B-484B-BA05-20A0C96C71EF}"
EndProject
Project("{9A19103F-16F7-4668-BE54-9A1E7A4F7556}") = "ServerSideTemplates", "ServerSideTemplates\ServerSideTemplates.csproj", "{2870FDC3-DE4D-4B5C-8D32-1952AAB186BD}"
EndProject
Project("{9A19103F-16F7-4668-BE54-9A1E7A4F7556}") = "Template.Test", "Template.Test\Template.Test.csproj", "{BA32BDBD-99A0-433D-BC8D-15E7EC833E68}"
EndProject
Project("{9A19103F-16F7-4668-BE54-9A1E7A4F7556}") = "YandexPaymentProvider", "YandexPaymentProvider\YandexPaymentProvider.csproj", "{66C6AFF5-6148-49AF-A959-2ED396FAB46C}"
EndProject
Project("{FAE04EC0-301F-11D3-BF4B-00C04F79EFBC}") = "YandexPaymentProvider.Test", "YandexPaymentProvider.Test\YandexPaymentProvider.Test.csproj", "{98ECB607-A218-4622-9AB8-AB1DDD3EE1C0}"
EndProject
Global
	GlobalSection(SolutionConfigurationPlatforms) = preSolution
		Debug|Any CPU = Debug|Any CPU
		Release|Any CPU = Release|Any CPU
	EndGlobalSection
	GlobalSection(ProjectConfigurationPlatforms) = postSolution
		{5D9C11CF-ED17-4D13-94B0-E938A72AFB54}.Debug|Any CPU.ActiveCfg = Debug|Any CPU
		{5D9C11CF-ED17-4D13-94B0-E938A72AFB54}.Debug|Any CPU.Build.0 = Debug|Any CPU
		{5D9C11CF-ED17-4D13-94B0-E938A72AFB54}.Release|Any CPU.ActiveCfg = Release|Any CPU
		{5D9C11CF-ED17-4D13-94B0-E938A72AFB54}.Release|Any CPU.Build.0 = Release|Any CPU
		{27E55724-BAE0-42D5-8ADE-67D2603EC1DF}.Debug|Any CPU.ActiveCfg = Debug|Any CPU
		{27E55724-BAE0-42D5-8ADE-67D2603EC1DF}.Debug|Any CPU.Build.0 = Debug|Any CPU
		{27E55724-BAE0-42D5-8ADE-67D2603EC1DF}.Release|Any CPU.ActiveCfg = Release|Any CPU
		{27E55724-BAE0-42D5-8ADE-67D2603EC1DF}.Release|Any CPU.Build.0 = Release|Any CPU
		{8C3228D1-9A33-494C-8577-C943061F2014}.Debug|Any CPU.ActiveCfg = Debug|Any CPU
		{8C3228D1-9A33-494C-8577-C943061F2014}.Debug|Any CPU.Build.0 = Debug|Any CPU
		{8C3228D1-9A33-494C-8577-C943061F2014}.Release|Any CPU.ActiveCfg = Release|Any CPU
		{8C3228D1-9A33-494C-8577-C943061F2014}.Release|Any CPU.Build.0 = Release|Any CPU
		{0414FEEA-DB51-4B8B-A28A-448DC883311C}.Debug|Any CPU.ActiveCfg = Debug|Any CPU
		{0414FEEA-DB51-4B8B-A28A-448DC883311C}.Debug|Any CPU.Build.0 = Debug|Any CPU
		{0414FEEA-DB51-4B8B-A28A-448DC883311C}.Release|Any CPU.ActiveCfg = Release|Any CPU
		{0414FEEA-DB51-4B8B-A28A-448DC883311C}.Release|Any CPU.Build.0 = Release|Any CPU
		{0FB4A3E2-565B-484B-BA05-20A0C96C71EF}.Debug|Any CPU.ActiveCfg = Debug|Any CPU
		{0FB4A3E2-565B-484B-BA05-20A0C96C71EF}.Debug|Any CPU.Build.0 = Debug|Any CPU
		{0FB4A3E2-565B-484B-BA05-20A0C96C71EF}.Release|Any CPU.ActiveCfg = Release|Any CPU
		{0FB4A3E2-565B-484B-BA05-20A0C96C71EF}.Release|Any CPU.Build.0 = Release|Any CPU
		{2870FDC3-DE4D-4B5C-8D32-1952AAB186BD}.Debug|Any CPU.ActiveCfg = Debug|Any CPU
		{2870FDC3-DE4D-4B5C-8D32-1952AAB186BD}.Debug|Any CPU.Build.0 = Debug|Any CPU
		{2870FDC3-DE4D-4B5C-8D32-1952AAB186BD}.Release|Any CPU.ActiveCfg = Release|Any CPU
		{2870FDC3-DE4D-4B5C-8D32-1952AAB186BD}.Release|Any CPU.Build.0 = Release|Any CPU
		{BA32BDBD-99A0-433D-BC8D-15E7EC833E68}.Debug|Any CPU.ActiveCfg = Debug|Any CPU
		{BA32BDBD-99A0-433D-BC8D-15E7EC833E68}.Debug|Any CPU.Build.0 = Debug|Any CPU
		{BA32BDBD-99A0-433D-BC8D-15E7EC833E68}.Release|Any CPU.ActiveCfg = Release|Any CPU
		{BA32BDBD-99A0-433D-BC8D-15E7EC833E68}.Release|Any CPU.Build.0 = Release|Any CPU
		{66C6AFF5-6148-49AF-A959-2ED396FAB46C}.Debug|Any CPU.ActiveCfg = Debug|Any CPU
		{66C6AFF5-6148-49AF-A959-2ED396FAB46C}.Debug|Any CPU.Build.0 = Debug|Any CPU
		{66C6AFF5-6148-49AF-A959-2ED396FAB46C}.Release|Any CPU.ActiveCfg = Release|Any CPU
		{66C6AFF5-6148-49AF-A959-2ED396FAB46C}.Release|Any CPU.Build.0 = Release|Any CPU
		{98ECB607-A218-4622-9AB8-AB1DDD3EE1C0}.Debug|Any CPU.ActiveCfg = Debug|Any CPU
		{98ECB607-A218-4622-9AB8-AB1DDD3EE1C0}.Debug|Any CPU.Build.0 = Debug|Any CPU
		{98ECB607-A218-4622-9AB8-AB1DDD3EE1C0}.Release|Any CPU.ActiveCfg = Release|Any CPU
		{98ECB607-A218-4622-9AB8-AB1DDD3EE1C0}.Release|Any CPU.Build.0 = Release|Any CPU
	EndGlobalSection
	GlobalSection(SolutionProperties) = preSolution
		HideSolutionNode = FALSE
	EndGlobalSection
	GlobalSection(NestedProjects) = preSolution
		{0FB4A3E2-565B-484B-BA05-20A0C96C71EF} = {D3772FF8-A978-4520-BEDE-1FFB0B1F0F32}
		{BA32BDBD-99A0-433D-BC8D-15E7EC833E68} = {D3772FF8-A978-4520-BEDE-1FFB0B1F0F32}
		{98ECB607-A218-4622-9AB8-AB1DDD3EE1C0} = {D3772FF8-A978-4520-BEDE-1FFB0B1F0F32}
	EndGlobalSection
	GlobalSection(ExtensibilityGlobals) = postSolution
		SolutionGuid = {752AC6E6-4374-4BAD-82B1-95BF91A01274}
	EndGlobalSection
EndGlobal
